<?xml version="1.0" encoding="utf-8"?>
<Project ToolsVersion="4.0" xmlns="http://schemas.microsoft.com/developer/msbuild/2003">
  <ItemGroup>
    <Filter Include="Source Files">
      <UniqueIdentifier>{4FC737F1-C7A5-4376-A066-2A32D752A2FF}</UniqueIdentifier>
      <Extensions>cpp;c;cc;cxx;c++;cppm;ixx;def;odl;idl;hpj;bat;asm;asmx</Extensions>
    </Filter>
    <Filter Include="Header Files">
      <UniqueIdentifier>{93995380-89BD-4b04-88EB-625FBE52EBFB}</UniqueIdentifier>
      <Extensions>h;hh;hpp;hxx;h++;hm;inl;inc;ipp;xsd</Extensions>
    </Filter>
    <Filter Include="Resource Files">
      <UniqueIdentifier>{67DA6AB6-F800-4c08-8B7A-83BB121AAD01}</UniqueIdentifier>
      <Extensions>rc;ico;cur;bmp;dlg;rc2;rct;bin;rgs;gif;jpg;jpeg;jpe;resx;tiff;tif;png;wav;mfcribbon-ms</Extensions>
    </Filter>
    <Filter Include="Geometry">
      <UniqueIdentifier>{99162261-b73c-445e-abfe-ef4a2675ec02}</UniqueIdentifier>
    </Filter>
    <Filter Include="Core">
      <UniqueIdentifier>{9852901b-cd02-4628-b632-25682f5fc7c4}</UniqueIdentifier>
    </Filter>
    <Filter Include="Command">
      <UniqueIdentifier>{7f917871-98bb-4857-81ee-089224ec6685}</UniqueIdentifier>
    </Filter>
    <Filter Include="Draw_canvas">
      <UniqueIdentifier>{b5c85a3f-5c9b-4e19-b5af-149f7ad2566d}</UniqueIdentifier>
    </Filter>
    <Filter Include="Draw_tools">
      <UniqueIdentifier>{e5b4fd5f-154d-4402-a7e5-b1f11d6467b3}</UniqueIdentifier>
    </Filter>
  </ItemGroup>
  <ItemGroup>
    <ClInclude Include="CAD.h">
      <Filter>Header Files</Filter>
    </ClInclude>
    <ClInclude Include="CADDlg.h">
      <Filter>Header Files</Filter>
    </ClInclude>
    <ClInclude Include="framework.h">
      <Filter>Header Files</Filter>
    </ClInclude>
    <ClInclude Include="targetver.h">
      <Filter>Header Files</Filter>
    </ClInclude>
    <ClInclude Include="Resource.h">
      <Filter>Header Files</Filter>
    </ClInclude>
    <ClInclude Include="pch.h">
      <Filter>Header Files</Filter>
    </ClInclude>
    <ClInclude Include="Point2D.h">
      <Filter>Header Files</Filter>
    </ClInclude>
    <ClInclude Include="CViewTransform.h">
      <Filter>Header Files</Filter>
    </ClInclude>
    <ClInclude Include="CLine.h">
      <Filter>Header Files</Filter>
    </ClInclude>
    <ClInclude Include="Command.h">
      <Filter>Header Files</Filter>
    </ClInclude>
    <ClInclude Include="CShapeManager.h">
      <Filter>Header Files</Filter>
    </ClInclude>
    <ClInclude Include="CADlgGeometryUtils.h">
      <Filter>Header Files</Filter>
    </ClInclude>
    <ClInclude Include="Draw_canvas\pch.h">
      <Filter>Header Files</Filter>
    </ClInclude>
  </ItemGroup>
  <ItemGroup>
    <ClCompile Include="CAD.cpp">
      <Filter>Source Files</Filter>
    </ClCompile>
    <ClCompile Include="pch.cpp">
      <Filter>Source Files</Filter>
    </ClCompile>
    <ClCompile Include="ViewTransform.cpp">
      <Filter>Geometry</Filter>
    </ClCompile>
    <ClCompile Include="Shapes.cpp">
      <Filter>Geometry</Filter>
    </ClCompile>
    <ClCompile Include="Commands.cpp">
      <Filter>Command</Filter>
    </ClCompile>
    <ClCompile Include="ShapeManager.cpp">
      <Filter>Core</Filter>
    </ClCompile>
    <ClCompile Include="CADlg.cpp">
      <Filter>Source Files</Filter>
    </ClCompile>
    <ClCompile Include="CADlgGeometryUtils.cpp">
      <Filter>Source Files</Filter>
    </ClCompile>
    <ClCompile Include="CADlgSelection.cpp">
      <Filter>Source Files</Filter>
    </ClCompile>
    <ClCompile Include="CADlgShapeFactory.cpp">
      <Filter>Source Files</Filter>
    </ClCompile>
    <ClCompile Include="CADlgInput.cpp">
      <Filter>Source Files</Filter>
    </ClCompile>
    <ClCompile Include="CADlgCommandLine.cpp">
      <Filter>Source Files</Filter>
    </ClCompile>
    <ClCompile Include="CADlgRender.cpp">
      <Filter>Source Files</Filter>
    </ClCompile>
    <ClCompile Include="Draw_canvas\CADlgDrawCursor.cpp">
      <Filter>Draw_canvas</Filter>
    </ClCompile>
    <ClCompile Include="Draw_canvas\CADlgDrawModel.cpp">
      <Filter>Draw_canvas</Filter>
    </ClCompile>
    <ClCompile Include="Draw_canvas\CADlgDrawPreview.cpp">
      <Filter>Draw_canvas</Filter>
    </ClCompile>
    <ClCompile Include="Draw_canvas\CADlgDrawSelection.cpp">
      <Filter>Draw_canvas</Filter>
    </ClCompile>
    <ClCompile Include="Draw_tools\CircleTool.cpp">
      <Filter>Draw_tools</Filter>
    </ClCompile>
    <ClCompile Include="Draw_tools\EraserTool.cpp">
      <Filter>Draw_tools</Filter>
    </ClCompile>
    <ClCompile Include="Draw_tools\LineTool.cpp">
      <Filter>Draw_tools</Filter>
    </ClCompile>
    <ClCompile Include="Draw_tools\RectTool.cpp">
      <Filter>Draw_tools</Filter>
    </ClCompile>
    <ClCompile Include="Draw_tools\SelectionTool.cpp">
      <Filter>Draw_tools</Filter>
    </ClCompile>
    <ClCompile Include="Draw_tools\ArcTool.cpp">
      <Filter>Draw_tools</Filter>
    </ClCompile>
  </ItemGroup>
  <ItemGroup>
    <ResourceCompile Include="CAD.rc">
      <Filter>Resource Files</Filter>
    </ResourceCompile>
  </ItemGroup>
  <ItemGroup>
    <None Include="res\CAD.rc2">
      <Filter>Resource Files</Filter>
    </None>
    <None Include="resource.hm">
      <Filter>Header Files</Filter>
    </None>
  </ItemGroup>
  <ItemGroup>
    <Image Include="res\CAD.ico">
      <Filter>Resource Files</Filter>
    </Image>
  </ItemGroup>
</Project>